
Microsoft Visual Studio Solution File, Format Version 12.00
# Visual Studio Version 16
VisualStudioVersion = 16.0.30204.135
MinimumVisualStudioVersion = 10.0.40219.1
Project("{FAE04EC0-301F-11D3-BF4B-00C04F79EFBC}") = "Automated-Email-Checker", "Gmail-Bot\Automated-Email-Checker.csproj", "{23FEC00E-6823-4B21-B8A0-06B0668BC073}"
EndProject
Global
	GlobalSection(SolutionConfigurationPlatforms) = preSolution
		Debug|Any CPU = Debug|Any CPU
		Release|Any CPU = Release|Any CPU
	EndGlobalSection
	GlobalSection(ProjectConfigurationPlatforms) = postSolution
		{23FEC00E-6823-4B21-B8A0-06B0668BC073}.Debug|Any CPU.ActiveCfg = Debug|Any CPU
		{23FEC00E-6823-4B21-B8A0-06B0668BC073}.Debug|Any CPU.Build.0 = Debug|Any CPU
		{23FEC00E-6823-4B21-B8A0-06B0668BC073}.Release|Any CPU.ActiveCfg = Release|Any CPU
		{23FEC00E-6823-4B21-B8A0-06B0668BC073}.Release|Any CPU.Build.0 = Release|Any CPU
	EndGlobalSection
	GlobalSection(SolutionProperties) = preSolution
		HideSolutionNode = FALSE
	EndGlobalSection
	GlobalSection(ExtensibilityGlobals) = postSolution
		SolutionGuid = {899C5937-2F75-47F1-9214-13222F86841C}
	EndGlobalSection
EndGlobal
